#MicroXplorer Configuration settings - do not modify
Mcu.Family=STM32F7
NVIC.USART3_IRQn=true\:0\:0\:false\:false\:true\:true\:true
Dma.DAC2.0.MemDataAlignment=DMA_MDATAALIGN_WORD
ProjectManager.MainLocation=Core/Src
RCC.MCOFreq_Value=72000000
RCC.USART1Freq_Value=108000000
RCC.SAI1Freq_Value=192000000
RCC.CortexFreq_Value=216000000
RCC.TIM17Freq_Value=72000000
ProjectManager.KeepUserCode=true
Mcu.UserName=STM32F767ZITx
ADC1.ContinuousConvMode=DISABLE
RCC.PLLCLKFreq_Value=216000000
PA14.GPIO_Label=TCK
RCC.PLLQCLKFreq_Value=216000000
RCC.SYSCLKSourceVirtual=RCC_SYSCLKSOURCE_PLLCLK
ProjectManager.functionlistsort=1-MX_GPIO_Init-GPIO-false-HAL-true,2-MX_DMA_Init-DMA-false-HAL-true,3-SystemClock_Config-RCC-false-HAL-false,4-MX_USART3_UART_Init-USART3-false-HAL-true,5-MX_ADC1_Init-ADC1-false-HAL-true,6-MX_DAC_Init-DAC-false-HAL-true,7-MX_TIM2_Init-TIM2-false-HAL-true,8-MX_TIM6_Init-TIM6-false-HAL-true,0-MX_CORTEX_M7_Init-CORTEX_M7-false-HAL-true
PD8.Locked=true
RCC.RTCFreq_Value=32000
PA0/WKUP.Signal=ADCx_IN0
RCC.PLLI2SRCLKFreq_Value=192000000
RCC.USART2Freq_Value=54000000
PD9.Mode=Asynchronous
PinOutPanel.RotationAngle=0
RCC.MCO1PinFreq_Value=16000000
RCC.SYSCLKSource=RCC_SYSCLKSOURCE_PLLCLK
ProjectManager.StackSize=0x400
SH.COMP_DAC2_group.0=DAC_OUT2,DAC_OUT2
Dma.DAC2.0.PeriphInc=DMA_PINC_DISABLE
USART3.VirtualMode-Asynchronous=VM_ASYNC
RCC.I2C3Freq_Value=54000000
RCC.LPTIM1Freq_Value=54000000
Mcu.IP4=NVIC
RCC.FCLKCortexFreq_Value=216000000
Mcu.IP5=RCC
Mcu.IP2=DAC
NVIC.SVCall_IRQn=true\:0\:0\:false\:false\:true\:true\:false
NVIC.ADC_IRQn=true\:0\:0\:false\:false\:true\:true\:true
Mcu.IP3=DMA
Mcu.IP0=ADC1
Mcu.IP1=CORTEX_M7
Mcu.UserConstants=
RCC.LCDTFTFreq_Value=96000000
RCC.SDMMCFreq_Value=216000000
Mcu.ThirdPartyNb=0
Dma.DAC2.0.Priority=DMA_PRIORITY_VERY_HIGH
RCC.HCLKFreq_Value=216000000
RCC.I2C4Freq_Value=54000000
Mcu.IPNb=10
RCC.I2SClocksFreq_Value=48000000
RCC.PLLI2SRoutputFreq_Value=192000000
TIM2.IPParameters=Prescaler,Period,TIM_MasterOutputTrigger
ProjectManager.PreviousToolchain=STM32CubeIDE
RCC.APB2TimFreq_Value=216000000
RCC.SPDIFRXFreq_Value=192000000
RCC.VcooutputI2S=48000000
Mcu.Pin6=PA14
RCC.SAI2Freq_Value=192000000
PD8.Signal=USART3_TX
Mcu.Pin7=VP_SYS_VS_Systick
VP_TIM2_VS_ClockSourceINT.Signal=TIM2_VS_ClockSourceINT
Mcu.Pin8=VP_TIM2_VS_ClockSourceINT
Mcu.Pin9=VP_TIM6_VS_ClockSourceINT
Dma.DAC2.0.Direction=DMA_MEMORY_TO_PERIPH
RCC.VCOSAIOutputFreq_Value=384000000
RCC.AHBFreq_Value=216000000
RCC.TIM2Freq_Value=72000000
Mcu.Pin0=PA0/WKUP
Mcu.Pin1=PA4
GPIO.groupedBy=Group By Peripherals
Mcu.Pin2=PA5
Mcu.Pin3=PD8
RCC.USART3Freq_Value=54000000
Mcu.Pin4=PD9
Mcu.Pin5=PA13
RCC.PLLSAIRCLKFreq_Value=192000000
ProjectManager.ProjectBuild=false
RCC.HSE_VALUE=16000000
NVIC.UsageFault_IRQn=true\:0\:0\:false\:false\:true\:true\:false
NVIC.DebugMonitor_IRQn=true\:0\:0\:false\:false\:true\:true\:false
NVIC.SysTick_IRQn=true\:0\:0\:false\:false\:true\:true\:true
RCC.PLLMUL=RCC_PLL_MUL9
DAC.DAC_Trigger2=DAC_TRIGGER_T2_TRGO
ProjectManager.FirmwarePackage=STM32Cube FW_F7 V1.16.2
MxDb.Version=DB.6.0.21
ProjectManager.BackupPrevious=false
RCC.VCOInputFreq_Value=2000000
PA14.Mode=Serial_Wire
NVIC.TIM2_IRQn=true\:0\:0\:false\:false\:true\:true\:true
File.Version=6
SH.ADCx_IN0.0=ADC1_IN0,IN0
NVIC.PendSV_IRQn=true\:0\:0\:false\:false\:true\:true\:false
DAC.IPParameters=DAC_Trigger2
Dma.RequestsNb=1
Dma.DAC2.0.MemInc=DMA_MINC_ENABLE
ProjectManager.HalAssertFull=false
ProjectManager.ProjectName=guia1
RCC.TIM1Freq_Value=72000000
PA13.GPIOParameters=GPIO_Label
RCC.PLLMCOFreq_Value=72000000
RCC.MCO2PinFreq_Value=216000000
Mcu.Package=LQFP144
TIM2.Prescaler=1-1
RCC.TIM15Freq_Value=72000000
RCC.ADC34outputFreq_Value=72000000
SH.COMP_DAC1_group.ConfNb=1
PA14.Locked=true
ProjectManager.ToolChainLocation=
RCC.LSI_VALUE=32000
VP_SYS_VS_Systick.Signal=SYS_VS_Systick
USART3.IPParameters=VirtualMode-Asynchronous
RCC.DFSDMFreq_Value=108000000
RCC.TIM16Freq_Value=72000000
TIM2.TIM_MasterOutputTrigger=TIM_TRGO_UPDATE
RCC.APB2CLKDivider=RCC_HCLK_DIV2
RCC.CECFreq_Value=32786.88524590164
RCC.APB1TimFreq_Value=108000000
NVIC.BusFault_IRQn=true\:0\:0\:false\:false\:true\:true\:false
RCC.DFSDMAudioFreq_Value=192000000
NVIC.DMA1_Stream6_IRQn=true\:0\:0\:false\:false\:true\:false\:true
Dma.Request0=DAC2
ADC1.EOCSelection=ADC_EOC_SEQ_CONV
ProjectManager.CustomerFirmwarePackage=
RCC.PLLSAIQCLKFreq_Value=192000000
SH.COMP_DAC2_group.ConfNb=1
SH.COMP_DAC1_group.0=DAC_OUT1,DAC_OUT1
RCC.I2SFreq_Value=192000000
RCC.PLLQoutputFreq_Value=216000000
ProjectManager.ProjectFileName=guia1.ioc
RCC.ADC12outputFreq_Value=72000000
RCC.UART7Freq_Value=54000000
Mcu.PinsNb=10
ProjectManager.NoMain=false
ADC1.IPParameters=Rank-1\#ChannelRegularConversion,master,Channel-1\#ChannelRegularConversion,SamplingTime-1\#ChannelRegularConversion,NbrOfConversionFlag,EOCSelection,ExternalTrigConv,ContinuousConvMode
RCC.PLLRFreq_Value=216000000
TIM6.Prescaler=0
VP_TIM6_VS_ClockSourceINT.Mode=Enable_Timer
ProjectManager.DefaultFWLocation=true
PD9.Signal=USART3_RX
ProjectManager.DeletePrevious=true
RCC.UART8Freq_Value=54000000
RCC.APB1CLKDivider=RCC_HCLK_DIV4
RCC.LCDTFToutputFreq_Value=24000000
boardIOC=true
RCC.FamilyName=M
RCC.WatchDogFreq_Value=32000
VP_TIM6_VS_ClockSourceINT.Signal=TIM6_VS_ClockSourceINT
PA13.Signal=SYS_JTMS-SWDIO
TIM6.AutoReloadPreload=TIM_AUTORELOAD_PRELOAD_DISABLE
TIM6.IPParameters=TIM_MasterOutputTrigger,AutoReloadPreload,Prescaler
ProjectManager.TargetToolchain=STM32CubeIDE
RCC.USART6Freq_Value=108000000
ADC1.Channel-1\#ChannelRegularConversion=ADC_CHANNEL_0
ProjectManager.RegisterCallBack=
RCC.USBFreq_Value=216000000
RCC.PLLSAIoutputFreq_Value=192000000
RCC.LSE_VALUE=32768
PD8.Mode=Asynchronous
RCC.VCOI2SOutputFreq_Value=384000000
PA5.Signal=COMP_DAC2_group
RCC.PLLSAIPCLKFreq_Value=192000000
board=NUCLEO-F767ZI
RCC.VCOOutputFreq_Value=432000000
ProjectManager.LastFirmware=true
RCC.VCOOutput2Freq_Value=8000000
RCC.APB2Freq_Value=108000000
RCC.TIM8Freq_Value=72000000
RCC.UART4Freq_Value=54000000
MxCube.Version=6.2.1
RCC.PRESCALERUSB=RCC_USBCLKSOURCE_PLL_DIV1_5
VP_TIM2_VS_ClockSourceINT.Mode=Internal
RCC.I2C1Freq_Value=54000000
RCC.PLLI2SPCLKFreq_Value=192000000
SH.ADCx_IN0.ConfNb=1
RCC.RNGFreq_Value=216000000
VP_SYS_VS_Systick.Mode=SysTick
RCC.EthernetFreq_Value=216000000
TIM6.TIM_MasterOutputTrigger=TIM_TRGO_UPDATE
Dma.DAC2.0.Instance=DMA1_Stream6
NVIC.NonMaskableInt_IRQn=true\:0\:0\:false\:false\:true\:true\:false
Dma.DAC2.0.PeriphDataAlignment=DMA_PDATAALIGN_WORD
TIM2.Period=36000-1
RCC.UART5Freq_Value=54000000
PA13.Mode=Serial_Wire
ProjectManager.FreePins=false
RCC.IPParameters=48MHZClocksFreq_Value,ADC12outputFreq_Value,ADC34outputFreq_Value,AHBFreq_Value,APB1CLKDivider,APB1Freq_Value,APB1TimFreq_Value,APB2CLKDivider,APB2Freq_Value,APB2TimFreq_Value,CECFreq_Value,CortexFreq_Value,DFSDMAudioFreq_Value,DFSDMFreq_Value,EthernetFreq_Value,FCLKCortexFreq_Value,FamilyName,HCLKFreq_Value,HSE_VALUE,HSI_VALUE,I2C1Freq_Value,I2C2Freq_Value,I2C3Freq_Value,I2C4Freq_Value,I2SClocksFreq_Value,I2SFreq_Value,LCDTFTFreq_Value,LCDTFToutputFreq_Value,LPTIM1Freq_Value,LSE_VALUE,LSI_VALUE,MCO1PinFreq_Value,MCO2PinFreq_Value,MCOFreq_Value,PLLCLKFreq_Value,PLLI2SPCLKFreq_Value,PLLI2SQCLKFreq_Value,PLLI2SRCLKFreq_Value,PLLI2SRoutputFreq_Value,PLLM,PLLMCOFreq_Value,PLLMUL,PLLN,PLLQCLKFreq_Value,PLLQoutputFreq_Value,PLLRFreq_Value,PLLSAIPCLKFreq_Value,PLLSAIQCLKFreq_Value,PLLSAIRCLKFreq_Value,PLLSAIoutputFreq_Value,PRESCALERUSB,RNGFreq_Value,RTCFreq_Value,RTCHSEDivFreq_Value,SAI1Freq_Value,SAI2Freq_Value,SDMMC2Freq_Value,SDMMCFreq_Value,SPDIFRXFreq_Value,SYSCLKFreq_VALUE,SYSCLKSource,SYSCLKSourceVirtual,TIM15Freq_Value,TIM16Freq_Value,TIM17Freq_Value,TIM1Freq_Value,TIM20Freq_Value,TIM2Freq_Value,TIM3Freq_Value,TIM8Freq_Value,UART4Freq_Value,UART5Freq_Value,UART7Freq_Value,UART8Freq_Value,USART1Freq_Value,USART2Freq_Value,USART3Freq_Value,USART6Freq_Value,USBFreq_Value,VCOI2SOutputFreq_Value,VCOInputFreq_Value,VCOOutput2Freq_Value,VCOOutputFreq_Value,VCOSAIOutputFreq_Value,VcooutputI2S,WatchDogFreq_Value
ProjectManager.AskForMigrate=true
Mcu.Name=STM32F767ZITx
RCC.PLLI2SQCLKFreq_Value=192000000
RCC.RTCHSEDivFreq_Value=4000000
PA13.GPIO_Label=TMS
ProjectManager.UnderRoot=true
Mcu.IP8=TIM6
ADC1.ExternalTrigConv=ADC_EXTERNALTRIGCONV_T6_TRGO
Mcu.IP9=USART3
Mcu.IP6=SYS
Mcu.IP7=TIM2
ProjectManager.CoupleFile=false
RCC.48MHZClocksFreq_Value=24000000
PA4.Signal=COMP_DAC1_group
ADC1.SamplingTime-1\#ChannelRegularConversion=ADC_SAMPLETIME_3CYCLES
RCC.SYSCLKFreq_VALUE=216000000
ADC1.master=1
Dma.DAC2.0.FIFOMode=DMA_FIFOMODE_DISABLE
NVIC.ForceEnableDMAVector=true
KeepUserPlacement=false
PA14.GPIOParameters=GPIO_Label
Dma.DAC2.0.Mode=DMA_CIRCULAR
NVIC.MemoryManagement_IRQn=true\:0\:0\:false\:false\:true\:true\:false
PA13.Locked=true
ProjectManager.CompilerOptimize=6
Dma.DAC2.0.RequestParameters=Instance,Direction,PeriphInc,MemInc,PeriphDataAlignment,MemDataAlignment,Mode,Priority,FIFOMode
ADC1.Rank-1\#ChannelRegularConversion=1
PA14.Signal=SYS_JTCK-SWCLK
ProjectManager.HeapSize=0x200
NVIC.HardFault_IRQn=true\:0\:0\:false\:false\:true\:true\:false
RCC.TIM20Freq_Value=72000000
ProjectManager.ComputerToolchain=false
RCC.HSI_VALUE=16000000
RCC.TIM3Freq_Value=72000000
NVIC.PriorityGroup=NVIC_PRIORITYGROUP_4
ADC1.NbrOfConversionFlag=1
RCC.PLLM=8
RCC.PLLN=216
RCC.I2C2Freq_Value=54000000
PD9.Locked=true
RCC.APB1Freq_Value=54000000
RCC.SDMMC2Freq_Value=216000000
ProjectManager.DeviceId=STM32F767ZITx
ProjectManager.LibraryCopy=1
isbadioc=false
